NeoBundleLock autofmt b51a318c71c6aab867f27535e9086be5f98f35bf
NeoBundleLock neobundle.vim f5ace1d749382ab5e5a22670d57c61303a927b72
NeoBundleLock neocomplete-rsense.vim a8b7460a41eb96aa1c9e49b231dd95e216c8dc2d
NeoBundleLock neocomplete.vim e5ec44a332e0179e320e2f76cfca8b9411fed354
NeoBundleLock neomru.vim 7df9999b841228661ff73909c5b9e34952331e22
NeoBundleLock previm d2113bd2bece790edad0f1ebf222f16e780b8a74
NeoBundleLock rsense 2952a54972cf927d5419085d1867b65ff7ab0d41
NeoBundleLock ruby-matchit c4d8079287fc8d804d2a92bcb66964d673666540
NeoBundleLock seoul256.vim 8a15be8fc1d700acc0ed590cd03f3cbcf1e972fa
NeoBundleLock syntastic c297fbebbdd679120a1f9faa5b9307395ab9d613
NeoBundleLock unite.vim 854e39769a0b1c6d8093cc4f76b4d31b9f2c092d
NeoBundleLock vim-endwise bba43b831ae0485cf9b86d16340a6a314b927391
NeoBundleLock vim-fugitive 0095769029709b531d2505ee6ad9907dd9bd72a0
NeoBundleLock vim-markdown 409c37b205afa2f9d590e23de8171482d66770e2
NeoBundleLock vim-quickrun f6af619e66edb3a9b034f6c7a46025732347285c
NeoBundleLock vim-ref 63cef8fe51e597f0b0475b654961cef01feabd93
NeoBundleLock vim-ref-ri e3a2dbb71af73bf15c9c2134cc3630edc60331eb
NeoBundleLock vim-ruby c298d2f352559f0c690d5e75f7ed6ce0c61ff474
NeoBundleLock vim-tags 54811d025ab5f14dd535d58ba6b824566231791a
NeoBundleLock vimdoc-ja 9d30d4b9e46652fca208d57364cbfc3b9cdecfb8
