NeoBundleLock autofmt b51a318c71c6aab867f27535e9086be5f98f35bf
NeoBundleLock neobundle.vim da586948ea027442d6c1b724e3b8c0937e224454
NeoBundleLock neocomplete-rsense.vim a8b7460a41eb96aa1c9e49b231dd95e216c8dc2d
NeoBundleLock neocomplete.vim cb1ae10a8a394dd5a13c4b4865454e6937dce31d
NeoBundleLock neomru.vim 24f9185ca019f3b8f4896929c6bf5148f982f344
NeoBundleLock previm d2113bd2bece790edad0f1ebf222f16e780b8a74
NeoBundleLock rsense 2952a54972cf927d5419085d1867b65ff7ab0d41
NeoBundleLock ruby-matchit c4d8079287fc8d804d2a92bcb66964d673666540
NeoBundleLock seoul256.vim 8eed8c6d12b896be04d1b14d96bf957d1d909c2f
NeoBundleLock surround.vim 324a8735bb82193a1a413e207dc1aaf60f3a1d82
NeoBundleLock syntastic 2cf32d7be3f1704bdc0e9c267b2ea031041dca81
NeoBundleLock unite-rails e173c8ec28c18744a0b778ef78b600ce8759914f
NeoBundleLock unite.vim 774d04d39f663d65cd3a97c60fd6d2f8cc5a5686
NeoBundleLock vim-endwise bba43b831ae0485cf9b86d16340a6a314b927391
NeoBundleLock vim-fugitive 4cc201cbe3a0c3faa4cde1b82ba941d410e5e81c
NeoBundleLock vim-markdown 409c37b205afa2f9d590e23de8171482d66770e2
NeoBundleLock vim-quickrun 72e2bd74f6a541ddee856eaafb655825789d91fa
NeoBundleLock vim-rails c7aeb5b8923e744b8fb753ddf881185abc16eef9
NeoBundleLock vim-ref 63cef8fe51e597f0b0475b654961cef01feabd93
NeoBundleLock vim-ref-ri e3a2dbb71af73bf15c9c2134cc3630edc60331eb
NeoBundleLock vim-ruby c298d2f352559f0c690d5e75f7ed6ce0c61ff474
NeoBundleLock vim-tags 54811d025ab5f14dd535d58ba6b824566231791a
NeoBundleLock vimdoc-ja 42b9ee407229036fb4fe00c36dd695864caf1a14
NeoBundleLock vimproc.vim 0f68bcd93399ecbcde3eaa4efd09107314c9bdee
